// !$*UTF8*$!
{
	archiveVersion = 1;
	classes = {
	};
	objectVersion = 46;
	objects = {

/* Begin PBXBuildFile section */
		DACC63E61C6E811300A9C04D /* AppDelegate.swift in Sources */ = {isa = PBXBuildFile; fileRef = DACC63E51C6E811300A9C04D /* AppDelegate.swift */; };
		DACC63E81C6E811300A9C04D /* ViewController.swift in Sources */ = {isa = PBXBuildFile; fileRef = DACC63E71C6E811300A9C04D /* ViewController.swift */; };
		DACC63EB1C6E811300A9C04D /* Main.storyboard in Resources */ = {isa = PBXBuildFile; fileRef = DACC63E91C6E811300A9C04D /* Main.storyboard */; };
		DACC63ED1C6E811400A9C04D /* Assets.xcassets in Resources */ = {isa = PBXBuildFile; fileRef = DACC63EC1C6E811400A9C04D /* Assets.xcassets */; };
		DACC63F01C6E811400A9C04D /* LaunchScreen.storyboard in Resources */ = {isa = PBXBuildFile; fileRef = DACC63EE1C6E811400A9C04D /* LaunchScreen.storyboard */; };
/* End PBXBuildFile section */

/* Begin PBXFileReference section */
		DACC63E21C6E811300A9C04D /* iDrawStuff.app */ = {isa = PBXFileReference; explicitFileType = wrapper.application; includeInIndex = 0; path = iDrawStuff.app; sourceTree = BUILT_PRODUCTS_DIR; };
		DACC63E51C6E811300A9C04D /* AppDelegate.swift */ = {isa = PBXFileReference; lastKnownFileType = sourcecode.swift; path = AppDelegate.swift; sourceTree = "<group>"; };
		DACC63E71C6E811300A9C04D /* ViewController.swift */ = {isa = PBXFileReference; lastKnownFileType = sourcecode.swift; path = ViewController.swift; sourceTree = "<group>"; };
		DACC63EA1C6E811300A9C04D /* Base */ = {isa = PBXFileReference; lastKnownFileType = file.storyboard; name = Base; path = Base.lproj/Main.storyboard; sourceTree = "<group>"; };
		DACC63EC1C6E811400A9C04D /* Assets.xcassets */ = {isa = PBXFileReference; lastKnownFileType = folder.assetcatalog; path = Assets.xcassets; sourceTree = "<group>"; };
		DACC63EF1C6E811400A9C04D /* Base */ = {isa = PBXFileReference; lastKnownFileType = file.storyboard; name = Base; path = Base.lproj/LaunchScreen.storyboard; sourceTree = "<group>"; };
		DACC63F11C6E811400A9C04D /* Info.plist */ = {isa = PBXFileReference; lastKnownFileType = text.plist.xml; path = Info.plist; sourceTree = "<group>"; };
/* End PBXFileReference section */

/* Begin PBXFrameworksBuildPhase section */
		DACC63DF1C6E811300A9C04D /* Frameworks */ = {
			isa = PBXFrameworksBuildPhase;
			buildActionMask = 2147483647;
			files = (
			);
			runOnlyForDeploymentPostprocessing = 0;
		};
/* End PBXFrameworksBuildPhase section */

/* Begin PBXGroup section */
		DACC63D91C6E811300A9C04D = {
			isa = PBXGroup;
			children = (
				DACC63E41C6E811300A9C04D /* iDrawStuff */,
				DACC63E31C6E811300A9C04D /* Products */,
			);
			sourceTree = "<group>";
		};
		DACC63E31C6E811300A9C04D /* Products */ = {
			isa = PBXGroup;
			children = (
				DACC63E21C6E811300A9C04D /* iDrawStuff.app */,
			);
			name = Products;
			sourceTree = "<group>";
		};
		DACC63E41C6E811300A9C04D /* iDrawStuff */ = {
			isa = PBXGroup;
			children = (
				DACC63E51C6E811300A9C04D /* AppDelegate.swift */,
				DACC63E71C6E811300A9C04D /* ViewController.swift */,
				DACC63E91C6E811300A9C04D /* Main.storyboard */,
				DACC63EC1C6E811400A9C04D /* Assets.xcassets */,
				DACC63EE1C6E811400A9C04D /* LaunchScreen.storyboard */,
				DACC63F11C6E811400A9C04D /* Info.plist */,
			);
			path = iDrawStuff;
			sourceTree = "<group>";
		};
/* End PBXGroup section */

/* Begin PBXNativeTarget section */
		DACC63E11C6E811300A9C04D /* iDrawStuff */ = {
			isa = PBXNativeTarget;
			buildConfigurationList = DACC63F41C6E811400A9C04D /* Build configuration list for PBXNativeTarget "iDrawStuff" */;
			buildPhases = (
				DACC63DE1C6E811300A9C04D /* Sources */,
				DACC63DF1C6E811300A9C04D /* Frameworks */,
				DACC63E01C6E811300A9C04D /* Resources */,
			);
			buildRules = (
			);
			dependencies = (
			);
			name = iDrawStuff;
			productName = iDrawStuff;
			productReference = DACC63E21C6E811300A9C04D /* iDrawStuff.app */;
			productType = "com.apple.product-type.application";
		};
/* End PBXNativeTarget section */

/* Begin PBXProject section */
		DACC63DA1C6E811300A9C04D /* Project object */ = {
			isa = PBXProject;
			attributes = {
				LastSwiftUpdateCheck = 0720;
				LastUpgradeCheck = 0720;
				ORGANIZATIONNAME = jhampac;
				TargetAttributes = {
					DACC63E11C6E811300A9C04D = {
						CreatedOnToolsVersion = 7.2;
						DevelopmentTeam = W47B9DA9HK;
					};
				};
			};
			buildConfigurationList = DACC63DD1C6E811300A9C04D /* Build configuration list for PBXProject "iDrawStuff" */;
			compatibilityVersion = "Xcode 3.2";
			developmentRegion = English;
			hasScannedForEncodings = 0;
			knownRegions = (
				en,
				Base,
			);
			mainGroup = DACC63D91C6E811300A9C04D;
			productRefGroup = DACC63E31C6E811300A9C04D /* Products */;
			projectDirPath = "";
			projectRoot = "";
			targets = (
				DACC63E11C6E811300A9C04D /* iDrawStuff */,
			);
		};
/* End PBXProject section */

/* Begin PBXResourcesBuildPhase section */
		DACC63E01C6E811300A9C04D /* Resources */ = {
			isa = PBXResourcesBuildPhase;
			buildActionMask = 2147483647;
			files = (
				DACC63F01C6E811400A9C04D /* LaunchScreen.storyboard in Resources */,
				DACC63ED1C6E811400A9C04D /* Assets.xcassets in Resources */,
				DACC63EB1C6E811300A9C04D /* Main.storyboard in Resources */,
			);
			runOnlyForDeploymentPostprocessing = 0;
		};
/* End PBXResourcesBuildPhase section */

/* Begin PBXSourcesBuildPhase section */
		DACC63DE1C6E811300A9C04D /* Sources */ = {
			isa = PBXSourcesBuildPhase;
			buildActionMask = 2147483647;
			files = (
				DACC63E81C6E811300A9C04D /* ViewController.swift in Sources */,
				DACC63E61C6E811300A9C04D /* AppDelegate.swift in Sources */,
			);
			runOnlyForDeploymentPostprocessing = 0;
		};
/* End PBXSourcesBuildPhase section */

/* Begin PBXVariantGroup section */
		DACC63E91C6E811300A9C04D /* Main.storyboard */ = {
			isa = PBXVariantGroup;
			children = (
				DACC63EA1C6E811300A9C04D /* Base */,
			);
			name = Main.storyboard;
			sourceTree = "<group>";
		};
		DACC63EE1C6E811400A9C04D /* LaunchScreen.storyboard */ = {
			isa = PBXVariantGroup;
			children = (
				DACC63EF1C6E811400A9C04D /* Base */,
			);
			name = LaunchScreen.storyboard;
			sourceTree = "<group>";
		};
/* End PBXVariantGroup section */

/* Begin XCBuildConfiguration section */
		DACC63F21C6E811400A9C04D /* Debug */ = {
			isa = XCBuildConfiguration;
			buildSettings = {
				ALWAYS_SEARCH_USER_PATHS = NO;
				CLANG_CXX_LANGUAGE_STANDARD = "gnu++0x";
				CLANG_CXX_LIBRARY = "libc++";
				CLANG_ENABLE_MODULES = YES;
				CLANG_ENABLE_OBJC_ARC = YES;
				CLANG_WARN_BOOL_CONVERSION = YES;
				CLANG_WARN_CONSTANT_CONVERSION = YES;
				CLANG_WARN_DIRECT_OBJC_ISA_USAGE = YES_ERROR;
				CLANG_WARN_EMPTY_BODY = YES;
				CLANG_WARN_ENUM_CONVERSION = YES;
				CLANG_WARN_INT_CONVERSION = YES;
				CLANG_WARN_OBJC_ROOT_CLASS = YES_ERROR;
				CLANG_WARN_UNREACHABLE_CODE = YES;
				CLANG_WARN__DUPLICATE_METHOD_MATCH = YES;
				"CODE_SIGN_IDENTITY[sdk=iphoneos*]" = "iPhone Developer";
				COPY_PHASE_STRIP = NO;
				DEBUG_INFORMATION_FORMAT = dwarf;
				ENABLE_STRICT_OBJC_MSGSEND = YES;
				ENABLE_TESTABILITY = YES;
				GCC_C_LANGUAGE_STANDARD = gnu99;
				GCC_DYNAMIC_NO_PIC = NO;
				GCC_NO_COMMON_BLOCKS = YES;
				GCC_OPTIMIZATION_LEVEL = 0;
				GCC_PREPROCESSOR_DEFINITIONS = (
					"DEBUG=1",
					"$(inherited)",
				);
				GCC_WARN_64_TO_32_BIT_CONVERSION = YES;
				GCC_WARN_ABOUT_RETURN_TYPE = YES_ERROR;
				GCC_WARN_UNDECLARED_SELECTOR = YES;
				GCC_WARN_UNINITIALIZED_AUTOS = YES_AGGRESSIVE;
				GCC_WARN_UNUSED_FUNCTION = YES;
				GCC_WARN_UNUSED_VARIABLE = YES;
				IPHONEOS_DEPLOYMENT_TARGET = 9.2;
				MTL_ENABLE_DEBUG_INFO = YES;
				ONLY_ACTIVE_ARCH = YES;
				SDKROOT = iphoneos;
				SWIFT_OPTIMIZATION_LEVEL = "-Onone";
				TARGETED_DEVICE_FAMILY = 2;
			};
			name = Debug;
		};
		DACC63F31C6E811400A9C04D /* Release */ = {
			isa = XCBuildConfiguration;
			buildSettings = {
				ALWAYS_SEARCH_USER_PATHS = NO;
				CLANG_CXX_LANGUAGE_STANDARD = "gnu++0x";
				CLANG_CXX_LIBRARY = "libc++";
				CLANG_ENABLE_MODULES = YES;
				CLANG_ENABLE_OBJC_ARC = YES;
				CLANG_WARN_BOOL_CONVERSION = YES;
				CLANG_WARN_CONSTANT_CONVERSION = YES;
				CLANG_WARN_DIRECT_OBJC_ISA_USAGE = YES_ERROR;
				CLANG_WARN_EMPTY_BODY = YES;
				CLANG_WARN_ENUM_CONVERSION = YES;
				CLANG_WARN_INT_CONVERSION = YES;
				CLANG_WARN_OBJC_ROOT_CLASS = YES_ERROR;
				CLANG_WARN_UNREACHABLE_CODE = YES;
				CLANG_WARN__DUPLICATE_METHOD_MATCH = YES;
				"CODE_SIGN_IDENTITY[sdk=iphoneos*]" = "iPhone Developer";
				COPY_PHASE_STRIP = NO;
				DEBUG_INFORMATION_FORMAT = "dwarf-with-dsym";
				ENABLE_NS_ASSERTIONS = NO;
				ENABLE_STRICT_OBJC_MSGSEND = YES;
				GCC_C_LANGUAGE_STANDARD = gnu99;
				GCC_NO_COMMON_BLOCKS = YES;
				GCC_WARN_64_TO_32_BIT_CONVERSION = YES;
				GCC_WARN_ABOUT_RETURN_TYPE = YES_ERROR;
				GCC_WARN_UNDECLARED_SELECTOR = YES;
				GCC_WARN_UNINITIALIZED_AUTOS = YES_AGGRESSIVE;
				GCC_WARN_UNUSED_FUNCTION = YES;
				GCC_WARN_UNUSED_VARIABLE = YES;
				IPHONEOS_DEPLOYMENT_TARGET = 9.2;
				MTL_ENABLE_DEBUG_INFO = NO;
				SDKROOT = iphoneos;
				TARGETED_DEVICE_FAMILY = 2;
				VALIDATE_PRODUCT = YES;
			};
			name = Release;
		};
		DACC63F51C6E811400A9C04D /* Debug */ = {
			isa = XCBuildConfiguration;
			buildSettings = {
				ASSETCATALOG_COMPILER_APPICON_NAME = AppIcon;
				INFOPLIST_FILE = iDrawStuff/Info.plist;
				LD_RUNPATH_SEARCH_PATHS = "$(inherited) @executable_path/Frameworks";
				PRODUCT_BUNDLE_IDENTIFIER = com.jhmpac.iDrawStuff;
				PRODUCT_NAME = "$(TARGET_NAME)";
			};
			name = Debug;
		};
		DACC63F61C6E811400A9C04D /* Release */ = {
			isa = XCBuildConfiguration;
			buildSettings = {
				ASSETCATALOG_COMPILER_APPICON_NAME = AppIcon;
				INFOPLIST_FILE = iDrawStuff/Info.plist;
				LD_RUNPATH_SEARCH_PATHS = "$(inherited) @executable_path/Frameworks";
				PRODUCT_BUNDLE_IDENTIFIER = com.jhmpac.iDrawStuff;
				PRODUCT_NAME = "$(TARGET_NAME)";
			};
			name = Release;
		};
/* End XCBuildConfiguration section */

/* Begin XCConfigurationList section */
		DACC63DD1C6E811300A9C04D /* Build configuration list for PBXProject "iDrawStuff" */ = {
			isa = XCConfigurationList;
			buildConfigurations = (
				DACC63F21C6E811400A9C04D /* Debug */,
				DACC63F31C6E811400A9C04D /* Release */,
			);
			defaultConfigurationIsVisible = 0;
			defaultConfigurationName = Release;
		};
		DACC63F41C6E811400A9C04D /* Build configuration list for PBXNativeTarget "iDrawStuff" */ = {
			isa = XCConfigurationList;
			buildConfigurations = (
				DACC63F51C6E811400A9C04D /* Debug */,
				DACC63F61C6E811400A9C04D /* Release */,
			);
			defaultConfigurationIsVisible = 0;
		};
/* End XCConfigurationList section */
	};
	rootObject = DACC63DA1C6E811300A9C04D /* Project object */;
}
